// !$*UTF8*$!
{
	archiveVersion = 1;
	classes = {
	};
	objectVersion = 55;
	objects = {

/* Begin PBXBuildFile section */
		4D4C5EFF278439540037496E /* AppDelegate.swift in Sources */ = {isa = PBXBuildFile; fileRef = 4D4C5EFE278439540037496E /* AppDelegate.swift */; };
		4D4C5F01278439540037496E /* SceneDelegate.swift in Sources */ = {isa = PBXBuildFile; fileRef = 4D4C5F00278439540037496E /* SceneDelegate.swift */; };
		4D4C5F03278439540037496E /* ViewController.swift in Sources */ = {isa = PBXBuildFile; fileRef = 4D4C5F02278439540037496E /* ViewController.swift */; };
		4D4C5F06278439540037496E /* Main.storyboard in Resources */ = {isa = PBXBuildFile; fileRef = 4D4C5F04278439540037496E /* Main.storyboard */; };
		4D4C5F0B278439550037496E /* LaunchScreen.storyboard in Resources */ = {isa = PBXBuildFile; fileRef = 4D4C5F09278439550037496E /* LaunchScreen.storyboard */; };
		4D4C5F1A27844AE10037496E /* Product.swift in Sources */ = {isa = PBXBuildFile; fileRef = 4D4C5F1927844AE10037496E /* Product.swift */; };
		4D4C5F1C27844C6E0037496E /* ProductCollection.swift in Sources */ = {isa = PBXBuildFile; fileRef = 4D4C5F1B27844C6E0037496E /* ProductCollection.swift */; };
		4D4C5F1F278452860037496E /* ParsingManager.swift in Sources */ = {isa = PBXBuildFile; fileRef = 4D4C5F1E278452860037496E /* ParsingManager.swift */; };
		4D4C5F27278456720037496E /* SanchesMarketTests.swift in Sources */ = {isa = PBXBuildFile; fileRef = 4D4C5F26278456720037496E /* SanchesMarketTests.swift */; };
		4D4C5F332784587F0037496E /* Item.json in Resources */ = {isa = PBXBuildFile; fileRef = 4D4C5F322784587F0037496E /* Item.json */; };
		4D4C5F35278458BB0037496E /* Items.json in Resources */ = {isa = PBXBuildFile; fileRef = 4D4C5F34278458BB0037496E /* Items.json */; };
		4D4C5F7B2784853C0037496E /* Assets.xcassets in Resources */ = {isa = PBXBuildFile; fileRef = 4D4C5F07278439550037496E /* Assets.xcassets */; };
/* End PBXBuildFile section */

/* Begin PBXContainerItemProxy section */
		4D4C5F28278456720037496E /* PBXContainerItemProxy */ = {
			isa = PBXContainerItemProxy;
			containerPortal = 4D4C5EF3278439540037496E /* Project object */;
			proxyType = 1;
			remoteGlobalIDString = 4D4C5EFA278439540037496E;
			remoteInfo = SanchesMarket;
		};
/* End PBXContainerItemProxy section */

/* Begin PBXFileReference section */
		4D4C5EFB278439540037496E /* SanchesMarket.app */ = {isa = PBXFileReference; explicitFileType = wrapper.application; includeInIndex = 0; path = SanchesMarket.app; sourceTree = BUILT_PRODUCTS_DIR; };
		4D4C5EFE278439540037496E /* AppDelegate.swift */ = {isa = PBXFileReference; lastKnownFileType = sourcecode.swift; path = AppDelegate.swift; sourceTree = "<group>"; };
		4D4C5F00278439540037496E /* SceneDelegate.swift */ = {isa = PBXFileReference; lastKnownFileType = sourcecode.swift; path = SceneDelegate.swift; sourceTree = "<group>"; };
		4D4C5F02278439540037496E /* ViewController.swift */ = {isa = PBXFileReference; lastKnownFileType = sourcecode.swift; path = ViewController.swift; sourceTree = "<group>"; };
		4D4C5F05278439540037496E /* Base */ = {isa = PBXFileReference; lastKnownFileType = file.storyboard; name = Base; path = Base.lproj/Main.storyboard; sourceTree = "<group>"; };
		4D4C5F07278439550037496E /* Assets.xcassets */ = {isa = PBXFileReference; lastKnownFileType = folder.assetcatalog; path = Assets.xcassets; sourceTree = "<group>"; };
		4D4C5F0A278439550037496E /* Base */ = {isa = PBXFileReference; lastKnownFileType = file.storyboard; name = Base; path = Base.lproj/LaunchScreen.storyboard; sourceTree = "<group>"; };
		4D4C5F0C278439550037496E /* Info.plist */ = {isa = PBXFileReference; lastKnownFileType = text.plist.xml; path = Info.plist; sourceTree = "<group>"; };
		4D4C5F1927844AE10037496E /* Product.swift */ = {isa = PBXFileReference; lastKnownFileType = sourcecode.swift; path = Product.swift; sourceTree = "<group>"; };
		4D4C5F1B27844C6E0037496E /* ProductCollection.swift */ = {isa = PBXFileReference; lastKnownFileType = sourcecode.swift; path = ProductCollection.swift; sourceTree = "<group>"; };
		4D4C5F1E278452860037496E /* ParsingManager.swift */ = {isa = PBXFileReference; lastKnownFileType = sourcecode.swift; path = ParsingManager.swift; sourceTree = "<group>"; };
		4D4C5F24278456720037496E /* SanchesMarketTests.xctest */ = {isa = PBXFileReference; explicitFileType = wrapper.cfbundle; includeInIndex = 0; path = SanchesMarketTests.xctest; sourceTree = BUILT_PRODUCTS_DIR; };
		4D4C5F26278456720037496E /* SanchesMarketTests.swift */ = {isa = PBXFileReference; lastKnownFileType = sourcecode.swift; path = SanchesMarketTests.swift; sourceTree = "<group>"; };
		4D4C5F322784587F0037496E /* Item.json */ = {isa = PBXFileReference; lastKnownFileType = text.json; path = Item.json; sourceTree = "<group>"; };
		4D4C5F34278458BB0037496E /* Items.json */ = {isa = PBXFileReference; lastKnownFileType = text.json; path = Items.json; sourceTree = "<group>"; };
/* End PBXFileReference section */

/* Begin PBXFrameworksBuildPhase section */
		4D4C5EF8278439540037496E /* Frameworks */ = {
			isa = PBXFrameworksBuildPhase;
			buildActionMask = 2147483647;
			files = (
			);
			runOnlyForDeploymentPostprocessing = 0;
		};
		4D4C5F21278456720037496E /* Frameworks */ = {
			isa = PBXFrameworksBuildPhase;
			buildActionMask = 2147483647;
			files = (
			);
			runOnlyForDeploymentPostprocessing = 0;
		};
/* End PBXFrameworksBuildPhase section */

/* Begin PBXGroup section */
		4D4C5EF2278439540037496E = {
			isa = PBXGroup;
			children = (
				4D4C5EFD278439540037496E /* SanchesMarket */,
				4D4C5F25278456720037496E /* SanchesMarketTests */,
				4D4C5EFC278439540037496E /* Products */,
			);
			sourceTree = "<group>";
		};
		4D4C5EFC278439540037496E /* Products */ = {
			isa = PBXGroup;
			children = (
				4D4C5EFB278439540037496E /* SanchesMarket.app */,
				4D4C5F24278456720037496E /* SanchesMarketTests.xctest */,
			);
			name = Products;
			sourceTree = "<group>";
		};
		4D4C5EFD278439540037496E /* SanchesMarket */ = {
			isa = PBXGroup;
			children = (
				4D4C5F1627844AA70037496E /* Model */,
				4D4C5F1727844AB40037496E /* View */,
				4D4C5F1827844ABA0037496E /* Controller */,
				4D4C5F1D278452690037496E /* Manager */,
				4D4C5EFE278439540037496E /* AppDelegate.swift */,
				4D4C5F00278439540037496E /* SceneDelegate.swift */,
				4D4C5F07278439550037496E /* Assets.xcassets */,
				4D4C5F0C278439550037496E /* Info.plist */,
			);
			path = SanchesMarket;
			sourceTree = "<group>";
		};
		4D4C5F1627844AA70037496E /* Model */ = {
			isa = PBXGroup;
			children = (
				4D4C5F1B27844C6E0037496E /* ProductCollection.swift */,
				4D4C5F1927844AE10037496E /* Product.swift */,
			);
			path = Model;
			sourceTree = "<group>";
		};
		4D4C5F1727844AB40037496E /* View */ = {
			isa = PBXGroup;
			children = (
				4D4C5F04278439540037496E /* Main.storyboard */,
				4D4C5F09278439550037496E /* LaunchScreen.storyboard */,
			);
			path = View;
			sourceTree = "<group>";
		};
		4D4C5F1827844ABA0037496E /* Controller */ = {
			isa = PBXGroup;
			children = (
				4D4C5F02278439540037496E /* ViewController.swift */,
			);
			path = Controller;
			sourceTree = "<group>";
		};
		4D4C5F1D278452690037496E /* Manager */ = {
			isa = PBXGroup;
			children = (
				4D4C5F1E278452860037496E /* ParsingManager.swift */,
			);
			path = Manager;
			sourceTree = "<group>";
		};
		4D4C5F25278456720037496E /* SanchesMarketTests */ = {
			isa = PBXGroup;
			children = (
				4D4C5F2D278456A50037496E /* Mock */,
				4D4C5F26278456720037496E /* SanchesMarketTests.swift */,
			);
			path = SanchesMarketTests;
			sourceTree = "<group>";
		};
		4D4C5F2D278456A50037496E /* Mock */ = {
			isa = PBXGroup;
			children = (
				4D4C5F322784587F0037496E /* Item.json */,
				4D4C5F34278458BB0037496E /* Items.json */,
			);
			path = Mock;
			sourceTree = "<group>";
		};
/* End PBXGroup section */

/* Begin PBXNativeTarget section */
		4D4C5EFA278439540037496E /* SanchesMarket */ = {
			isa = PBXNativeTarget;
			buildConfigurationList = 4D4C5F0F278439550037496E /* Build configuration list for PBXNativeTarget "SanchesMarket" */;
			buildPhases = (
				4D4C5EF7278439540037496E /* Sources */,
				4D4C5EF8278439540037496E /* Frameworks */,
				4D4C5EF9278439540037496E /* Resources */,
			);
			buildRules = (
			);
			dependencies = (
			);
			name = SanchesMarket;
			productName = SanchesMarket;
			productReference = 4D4C5EFB278439540037496E /* SanchesMarket.app */;
			productType = "com.apple.product-type.application";
		};
		4D4C5F23278456720037496E /* SanchesMarketTests */ = {
			isa = PBXNativeTarget;
			buildConfigurationList = 4D4C5F2A278456720037496E /* Build configuration list for PBXNativeTarget "SanchesMarketTests" */;
			buildPhases = (
				4D4C5F20278456720037496E /* Sources */,
				4D4C5F21278456720037496E /* Frameworks */,
				4D4C5F22278456720037496E /* Resources */,
			);
			buildRules = (
			);
			dependencies = (
				4D4C5F29278456720037496E /* PBXTargetDependency */,
			);
			name = SanchesMarketTests;
			productName = SanchesMarketTests;
			productReference = 4D4C5F24278456720037496E /* SanchesMarketTests.xctest */;
			productType = "com.apple.product-type.bundle.unit-test";
		};
/* End PBXNativeTarget section */

/* Begin PBXProject section */
		4D4C5EF3278439540037496E /* Project object */ = {
			isa = PBXProject;
			attributes = {
				BuildIndependentTargetsInParallel = 1;
				LastSwiftUpdateCheck = 1310;
				LastUpgradeCheck = 1310;
				TargetAttributes = {
					4D4C5EFA278439540037496E = {
						CreatedOnToolsVersion = 13.1;
					};
					4D4C5F23278456720037496E = {
						CreatedOnToolsVersion = 13.1;
						TestTargetID = 4D4C5EFA278439540037496E;
					};
				};
			};
			buildConfigurationList = 4D4C5EF6278439540037496E /* Build configuration list for PBXProject "SanchesMarket" */;
			compatibilityVersion = "Xcode 13.0";
			developmentRegion = en;
			hasScannedForEncodings = 0;
			knownRegions = (
				en,
				Base,
			);
			mainGroup = 4D4C5EF2278439540037496E;
			productRefGroup = 4D4C5EFC278439540037496E /* Products */;
			projectDirPath = "";
			projectRoot = "";
			targets = (
				4D4C5EFA278439540037496E /* SanchesMarket */,
				4D4C5F23278456720037496E /* SanchesMarketTests */,
			);
		};
/* End PBXProject section */

/* Begin PBXResourcesBuildPhase section */
		4D4C5EF9278439540037496E /* Resources */ = {
			isa = PBXResourcesBuildPhase;
			buildActionMask = 2147483647;
			files = (
				4D4C5F0B278439550037496E /* LaunchScreen.storyboard in Resources */,
				4D4C5F7B2784853C0037496E /* Assets.xcassets in Resources */,
				4D4C5F06278439540037496E /* Main.storyboard in Resources */,
			);
			runOnlyForDeploymentPostprocessing = 0;
		};
		4D4C5F22278456720037496E /* Resources */ = {
			isa = PBXResourcesBuildPhase;
			buildActionMask = 2147483647;
			files = (
				4D4C5F35278458BB0037496E /* Items.json in Resources */,
				4D4C5F332784587F0037496E /* Item.json in Resources */,
			);
			runOnlyForDeploymentPostprocessing = 0;
		};
/* End PBXResourcesBuildPhase section */

/* Begin PBXSourcesBuildPhase section */
		4D4C5EF7278439540037496E /* Sources */ = {
			isa = PBXSourcesBuildPhase;
			buildActionMask = 2147483647;
			files = (
				4D4C5F1F278452860037496E /* ParsingManager.swift in Sources */,
				4D4C5F1C27844C6E0037496E /* ProductCollection.swift in Sources */,
				4D4C5F03278439540037496E /* ViewController.swift in Sources */,
				4D4C5EFF278439540037496E /* AppDelegate.swift in Sources */,
				4D4C5F1A27844AE10037496E /* Product.swift in Sources */,
				4D4C5F01278439540037496E /* SceneDelegate.swift in Sources */,
			);
			runOnlyForDeploymentPostprocessing = 0;
		};
		4D4C5F20278456720037496E /* Sources */ = {
			isa = PBXSourcesBuildPhase;
			buildActionMask = 2147483647;
			files = (
				4D4C5F27278456720037496E /* SanchesMarketTests.swift in Sources */,
			);
			runOnlyForDeploymentPostprocessing = 0;
		};
/* End PBXSourcesBuildPhase section */

/* Begin PBXTargetDependency section */
		4D4C5F29278456720037496E /* PBXTargetDependency */ = {
			isa = PBXTargetDependency;
			target = 4D4C5EFA278439540037496E /* SanchesMarket */;
			targetProxy = 4D4C5F28278456720037496E /* PBXContainerItemProxy */;
		};
/* End PBXTargetDependency section */

/* Begin PBXVariantGroup section */
		4D4C5F04278439540037496E /* Main.storyboard */ = {
			isa = PBXVariantGroup;
			children = (
				4D4C5F05278439540037496E /* Base */,
			);
			name = Main.storyboard;
			sourceTree = "<group>";
		};
		4D4C5F09278439550037496E /* LaunchScreen.storyboard */ = {
			isa = PBXVariantGroup;
			children = (
				4D4C5F0A278439550037496E /* Base */,
			);
			name = LaunchScreen.storyboard;
			sourceTree = "<group>";
		};
/* End PBXVariantGroup section */

/* Begin XCBuildConfiguration section */
		4D4C5F0D278439550037496E /* Debug */ = {
			isa = XCBuildConfiguration;
			buildSettings = {
				ALWAYS_SEARCH_USER_PATHS = NO;
				CLANG_ANALYZER_NONNULL = YES;
				CLANG_ANALYZER_NUMBER_OBJECT_CONVERSION = YES_AGGRESSIVE;
				CLANG_CXX_LANGUAGE_STANDARD = "gnu++17";
				CLANG_CXX_LIBRARY = "libc++";
				CLANG_ENABLE_MODULES = YES;
				CLANG_ENABLE_OBJC_ARC = YES;
				CLANG_ENABLE_OBJC_WEAK = YES;
				CLANG_WARN_BLOCK_CAPTURE_AUTORELEASING = YES;
				CLANG_WARN_BOOL_CONVERSION = YES;
				CLANG_WARN_COMMA = YES;
				CLANG_WARN_CONSTANT_CONVERSION = YES;
				CLANG_WARN_DEPRECATED_OBJC_IMPLEMENTATIONS = YES;
				CLANG_WARN_DIRECT_OBJC_ISA_USAGE = YES_ERROR;
				CLANG_WARN_DOCUMENTATION_COMMENTS = YES;
				CLANG_WARN_EMPTY_BODY = YES;
				CLANG_WARN_ENUM_CONVERSION = YES;
				CLANG_WARN_INFINITE_RECURSION = YES;
				CLANG_WARN_INT_CONVERSION = YES;
				CLANG_WARN_NON_LITERAL_NULL_CONVERSION = YES;
				CLANG_WARN_OBJC_IMPLICIT_RETAIN_SELF = YES;
				CLANG_WARN_OBJC_LITERAL_CONVERSION = YES;
				CLANG_WARN_OBJC_ROOT_CLASS = YES_ERROR;
				CLANG_WARN_QUOTED_INCLUDE_IN_FRAMEWORK_HEADER = YES;
				CLANG_WARN_RANGE_LOOP_ANALYSIS = YES;
				CLANG_WARN_STRICT_PROTOTYPES = YES;
				CLANG_WARN_SUSPICIOUS_MOVE = YES;
				CLANG_WARN_UNGUARDED_AVAILABILITY = YES_AGGRESSIVE;
				CLANG_WARN_UNREACHABLE_CODE = YES;
				CLANG_WARN__DUPLICATE_METHOD_MATCH = YES;
				COPY_PHASE_STRIP = NO;
				DEBUG_INFORMATION_FORMAT = dwarf;
				ENABLE_STRICT_OBJC_MSGSEND = YES;
				ENABLE_TESTABILITY = YES;
				GCC_C_LANGUAGE_STANDARD = gnu11;
				GCC_DYNAMIC_NO_PIC = NO;
				GCC_NO_COMMON_BLOCKS = YES;
				GCC_OPTIMIZATION_LEVEL = 0;
				GCC_PREPROCESSOR_DEFINITIONS = (
					"DEBUG=1",
					"$(inherited)",
				);
				GCC_WARN_64_TO_32_BIT_CONVERSION = YES;
				GCC_WARN_ABOUT_RETURN_TYPE = YES_ERROR;
				GCC_WARN_UNDECLARED_SELECTOR = YES;
				GCC_WARN_UNINITIALIZED_AUTOS = YES_AGGRESSIVE;
				GCC_WARN_UNUSED_FUNCTION = YES;
				GCC_WARN_UNUSED_VARIABLE = YES;
				IPHONEOS_DEPLOYMENT_TARGET = 15.0;
				MTL_ENABLE_DEBUG_INFO = INCLUDE_SOURCE;
				MTL_FAST_MATH = YES;
				ONLY_ACTIVE_ARCH = YES;
				SDKROOT = iphoneos;
				SWIFT_ACTIVE_COMPILATION_CONDITIONS = DEBUG;
				SWIFT_OPTIMIZATION_LEVEL = "-Onone";
			};
			name = Debug;
		};
		4D4C5F0E278439550037496E /* Release */ = {
			isa = XCBuildConfiguration;
			buildSettings = {
				ALWAYS_SEARCH_USER_PATHS = NO;
				CLANG_ANALYZER_NONNULL = YES;
				CLANG_ANALYZER_NUMBER_OBJECT_CONVERSION = YES_AGGRESSIVE;
				CLANG_CXX_LANGUAGE_STANDARD = "gnu++17";
				CLANG_CXX_LIBRARY = "libc++";
				CLANG_ENABLE_MODULES = YES;
				CLANG_ENABLE_OBJC_ARC = YES;
				CLANG_ENABLE_OBJC_WEAK = YES;
				CLANG_WARN_BLOCK_CAPTURE_AUTORELEASING = YES;
				CLANG_WARN_BOOL_CONVERSION = YES;
				CLANG_WARN_COMMA = YES;
				CLANG_WARN_CONSTANT_CONVERSION = YES;
				CLANG_WARN_DEPRECATED_OBJC_IMPLEMENTATIONS = YES;
				CLANG_WARN_DIRECT_OBJC_ISA_USAGE = YES_ERROR;
				CLANG_WARN_DOCUMENTATION_COMMENTS = YES;
				CLANG_WARN_EMPTY_BODY = YES;
				CLANG_WARN_ENUM_CONVERSION = YES;
				CLANG_WARN_INFINITE_RECURSION = YES;
				CLANG_WARN_INT_CONVERSION = YES;
				CLANG_WARN_NON_LITERAL_NULL_CONVERSION = YES;
				CLANG_WARN_OBJC_IMPLICIT_RETAIN_SELF = YES;
				CLANG_WARN_OBJC_LITERAL_CONVERSION = YES;
				CLANG_WARN_OBJC_ROOT_CLASS = YES_ERROR;
				CLANG_WARN_QUOTED_INCLUDE_IN_FRAMEWORK_HEADER = YES;
				CLANG_WARN_RANGE_LOOP_ANALYSIS = YES;
				CLANG_WARN_STRICT_PROTOTYPES = YES;
				CLANG_WARN_SUSPICIOUS_MOVE = YES;
				CLANG_WARN_UNGUARDED_AVAILABILITY = YES_AGGRESSIVE;
				CLANG_WARN_UNREACHABLE_CODE = YES;
				CLANG_WARN__DUPLICATE_METHOD_MATCH = YES;
				COPY_PHASE_STRIP = NO;
				DEBUG_INFORMATION_FORMAT = "dwarf-with-dsym";
				ENABLE_NS_ASSERTIONS = NO;
				ENABLE_STRICT_OBJC_MSGSEND = YES;
				GCC_C_LANGUAGE_STANDARD = gnu11;
				GCC_NO_COMMON_BLOCKS = YES;
				GCC_WARN_64_TO_32_BIT_CONVERSION = YES;
				GCC_WARN_ABOUT_RETURN_TYPE = YES_ERROR;
				GCC_WARN_UNDECLARED_SELECTOR = YES;
				GCC_WARN_UNINITIALIZED_AUTOS = YES_AGGRESSIVE;
				GCC_WARN_UNUSED_FUNCTION = YES;
				GCC_WARN_UNUSED_VARIABLE = YES;
				IPHONEOS_DEPLOYMENT_TARGET = 15.0;
				MTL_ENABLE_DEBUG_INFO = NO;
				MTL_FAST_MATH = YES;
				SDKROOT = iphoneos;
				SWIFT_COMPILATION_MODE = wholemodule;
				SWIFT_OPTIMIZATION_LEVEL = "-O";
				VALIDATE_PRODUCT = YES;
			};
			name = Release;
		};
		4D4C5F10278439550037496E /* Debug */ = {
			isa = XCBuildConfiguration;
			buildSettings = {
				ASSETCATALOG_COMPILER_APPICON_NAME = AppIcon;
				ASSETCATALOG_COMPILER_GLOBAL_ACCENT_COLOR_NAME = AccentColor;
				CODE_SIGN_STYLE = Automatic;
				CURRENT_PROJECT_VERSION = 1;
				DEVELOPMENT_TEAM = 626VJ36K6Q;
				GENERATE_INFOPLIST_FILE = YES;
				INFOPLIST_FILE = SanchesMarket/Info.plist;
				INFOPLIST_KEY_UIApplicationSupportsIndirectInputEvents = YES;
				INFOPLIST_KEY_UILaunchStoryboardName = LaunchScreen;
				INFOPLIST_KEY_UIMainStoryboardFile = Main;
				INFOPLIST_KEY_UISupportedInterfaceOrientations_iPad = "UIInterfaceOrientationPortrait UIInterfaceOrientationPortraitUpsideDown UIInterfaceOrientationLandscapeLeft UIInterfaceOrientationLandscapeRight";
				INFOPLIST_KEY_UISupportedInterfaceOrientations_iPhone = "UIInterfaceOrientationPortrait UIInterfaceOrientationLandscapeLeft UIInterfaceOrientationLandscapeRight";
				IPHONEOS_DEPLOYMENT_TARGET = 13.0;
				LD_RUNPATH_SEARCH_PATHS = (
					"$(inherited)",
					"@executable_path/Frameworks",
				);
				MARKETING_VERSION = 1.0;
				PRODUCT_BUNDLE_IDENTIFIER = "com.example.apple-samplecode.SanchesMarket";
				PRODUCT_NAME = "$(TARGET_NAME)";
				SWIFT_EMIT_LOC_STRINGS = YES;
				SWIFT_VERSION = 5.0;
				TARGETED_DEVICE_FAMILY = "1,2";
			};
			name = Debug;
		};
		4D4C5F11278439550037496E /* Release */ = {
			isa = XCBuildConfiguration;
			buildSettings = {
				ASSETCATALOG_COMPILER_APPICON_NAME = AppIcon;
				ASSETCATALOG_COMPILER_GLOBAL_ACCENT_COLOR_NAME = AccentColor;
				CODE_SIGN_STYLE = Automatic;
				CURRENT_PROJECT_VERSION = 1;
				DEVELOPMENT_TEAM = 626VJ36K6Q;
				GENERATE_INFOPLIST_FILE = YES;
				INFOPLIST_FILE = SanchesMarket/Info.plist;
				INFOPLIST_KEY_UIApplicationSupportsIndirectInputEvents = YES;
				INFOPLIST_KEY_UILaunchStoryboardName = LaunchScreen;
				INFOPLIST_KEY_UIMainStoryboardFile = Main;
				INFOPLIST_KEY_UISupportedInterfaceOrientations_iPad = "UIInterfaceOrientationPortrait UIInterfaceOrientationPortraitUpsideDown UIInterfaceOrientationLandscapeLeft UIInterfaceOrientationLandscapeRight";
				INFOPLIST_KEY_UISupportedInterfaceOrientations_iPhone = "UIInterfaceOrientationPortrait UIInterfaceOrientationLandscapeLeft UIInterfaceOrientationLandscapeRight";
				IPHONEOS_DEPLOYMENT_TARGET = 13.0;
				LD_RUNPATH_SEARCH_PATHS = (
					"$(inherited)",
					"@executable_path/Frameworks",
				);
				MARKETING_VERSION = 1.0;
				PRODUCT_BUNDLE_IDENTIFIER = "com.example.apple-samplecode.SanchesMarket";
				PRODUCT_NAME = "$(TARGET_NAME)";
				SWIFT_EMIT_LOC_STRINGS = YES;
				SWIFT_VERSION = 5.0;
				TARGETED_DEVICE_FAMILY = "1,2";
			};
			name = Release;
		};
		4D4C5F2B278456720037496E /* Debug */ = {
			isa = XCBuildConfiguration;
			buildSettings = {
				BUNDLE_LOADER = "$(TEST_HOST)";
				CODE_SIGN_STYLE = Automatic;
				CURRENT_PROJECT_VERSION = 1;
				DEVELOPMENT_TEAM = 626VJ36K6Q;
				GENERATE_INFOPLIST_FILE = YES;
				LD_RUNPATH_SEARCH_PATHS = (
					"$(inherited)",
					"@executable_path/Frameworks",
					"@loader_path/Frameworks",
				);
				MARKETING_VERSION = 1.0;
				PRODUCT_BUNDLE_IDENTIFIER = "com.example.apple-samplecode.SanchesMarketTests";
				PRODUCT_NAME = "$(TARGET_NAME)";
				SWIFT_EMIT_LOC_STRINGS = NO;
				SWIFT_VERSION = 5.0;
				TARGETED_DEVICE_FAMILY = "1,2";
				TEST_HOST = "$(BUILT_PRODUCTS_DIR)/SanchesMarket.app/SanchesMarket";
			};
			name = Debug;
		};
		4D4C5F2C278456720037496E /* Release */ = {
			isa = XCBuildConfiguration;
			buildSettings = {
				BUNDLE_LOADER = "$(TEST_HOST)";
				CODE_SIGN_STYLE = Automatic;
				CURRENT_PROJECT_VERSION = 1;
				DEVELOPMENT_TEAM = 626VJ36K6Q;
				GENERATE_INFOPLIST_FILE = YES;
				LD_RUNPATH_SEARCH_PATHS = (
					"$(inherited)",
					"@executable_path/Frameworks",
					"@loader_path/Frameworks",
				);
				MARKETING_VERSION = 1.0;
				PRODUCT_BUNDLE_IDENTIFIER = "com.example.apple-samplecode.SanchesMarketTests";
				PRODUCT_NAME = "$(TARGET_NAME)";
				SWIFT_EMIT_LOC_STRINGS = NO;
				SWIFT_VERSION = 5.0;
				TARGETED_DEVICE_FAMILY = "1,2";
				TEST_HOST = "$(BUILT_PRODUCTS_DIR)/SanchesMarket.app/SanchesMarket";
			};
			name = Release;
		};
/* End XCBuildConfiguration section */

/* Begin XCConfigurationList section */
		4D4C5EF6278439540037496E /* Build configuration list for PBXProject "SanchesMarket" */ = {
			isa = XCConfigurationList;
			buildConfigurations = (
				4D4C5F0D278439550037496E /* Debug */,
				4D4C5F0E278439550037496E /* Release */,
			);
			defaultConfigurationIsVisible = 0;
			defaultConfigurationName = Release;
		};
		4D4C5F0F278439550037496E /* Build configuration list for PBXNativeTarget "SanchesMarket" */ = {
			isa = XCConfigurationList;
			buildConfigurations = (
				4D4C5F10278439550037496E /* Debug */,
				4D4C5F11278439550037496E /* Release */,
			);
			defaultConfigurationIsVisible = 0;
			defaultConfigurationName = Release;
		};
		4D4C5F2A278456720037496E /* Build configuration list for PBXNativeTarget "SanchesMarketTests" */ = {
			isa = XCConfigurationList;
			buildConfigurations = (
				4D4C5F2B278456720037496E /* Debug */,
				4D4C5F2C278456720037496E /* Release */,
			);
			defaultConfigurationIsVisible = 0;
			defaultConfigurationName = Release;
		};
/* End XCConfigurationList section */
	};
	rootObject = 4D4C5EF3278439540037496E /* Project object */;
}
