// !$*UTF8*$!
{
	archiveVersion = 1;
	classes = {
	};
	objectVersion = 55;
	objects = {

/* Begin PBXBuildFile section */
		4D4C5EFF278439540037496E /* AppDelegate.swift in Sources */ = {isa = PBXBuildFile; fileRef = 4D4C5EFE278439540037496E /* AppDelegate.swift */; };
		4D4C5F01278439540037496E /* SceneDelegate.swift in Sources */ = {isa = PBXBuildFile; fileRef = 4D4C5F00278439540037496E /* SceneDelegate.swift */; };
		4D4C5F03278439540037496E /* MainViewController.swift in Sources */ = {isa = PBXBuildFile; fileRef = 4D4C5F02278439540037496E /* MainViewController.swift */; };
		4D4C5F06278439540037496E /* Main.storyboard in Resources */ = {isa = PBXBuildFile; fileRef = 4D4C5F04278439540037496E /* Main.storyboard */; };
		4D4C5F0B278439550037496E /* LaunchScreen.storyboard in Resources */ = {isa = PBXBuildFile; fileRef = 4D4C5F09278439550037496E /* LaunchScreen.storyboard */; };
		4D4C5F1A27844AE10037496E /* Product.swift in Sources */ = {isa = PBXBuildFile; fileRef = 4D4C5F1927844AE10037496E /* Product.swift */; };
		4D4C5F1C27844C6E0037496E /* ProductCollection.swift in Sources */ = {isa = PBXBuildFile; fileRef = 4D4C5F1B27844C6E0037496E /* ProductCollection.swift */; };
		4D4C5F1F278452860037496E /* ParsingManager.swift in Sources */ = {isa = PBXBuildFile; fileRef = 4D4C5F1E278452860037496E /* ParsingManager.swift */; };
		4D4C5F27278456720037496E /* SanchesMarketTests.swift in Sources */ = {isa = PBXBuildFile; fileRef = 4D4C5F26278456720037496E /* SanchesMarketTests.swift */; };
		4D4C5F332784587F0037496E /* Item.json in Resources */ = {isa = PBXBuildFile; fileRef = 4D4C5F322784587F0037496E /* Item.json */; };
		4D4C5F35278458BB0037496E /* Items.json in Resources */ = {isa = PBXBuildFile; fileRef = 4D4C5F34278458BB0037496E /* Items.json */; };
		4D4C5F7B2784853C0037496E /* Assets.xcassets in Resources */ = {isa = PBXBuildFile; fileRef = 4D4C5F07278439550037496E /* Assets.xcassets */; };
		4D4CADE02797F87E0077CC9A /* CompositionalLayoutEnum.swift in Sources */ = {isa = PBXBuildFile; fileRef = 4D4CADDF2797F87E0077CC9A /* CompositionalLayoutEnum.swift */; };
		4D4CADE22797FBF60077CC9A /* LodingIndicatorProtocol.swift in Sources */ = {isa = PBXBuildFile; fileRef = 4D4CADE12797FBF60077CC9A /* LodingIndicatorProtocol.swift */; };
		4D4CADE4279834240077CC9A /* EnrollModifyViewController.swift in Sources */ = {isa = PBXBuildFile; fileRef = 4D4CADE3279834240077CC9A /* EnrollModifyViewController.swift */; };
		4D4CADEB27983F340077CC9A /* EnrollModifyPhotoSelectCell.swift in Sources */ = {isa = PBXBuildFile; fileRef = 4D4CADEA27983F340077CC9A /* EnrollModifyPhotoSelectCell.swift */; };
		4D951CAF27911E08009827ED /* ProductCell.swift in Sources */ = {isa = PBXBuildFile; fileRef = 4D951CAD27911E08009827ED /* ProductCell.swift */; };
		4D951CB227912385009827ED /* ProductListCell.xib in Resources */ = {isa = PBXBuildFile; fileRef = 4D951CB127912385009827ED /* ProductListCell.xib */; };
		4D951CB727912ECD009827ED /* MainCollectionViewDataSource.swift in Sources */ = {isa = PBXBuildFile; fileRef = 4D951CB627912ECD009827ED /* MainCollectionViewDataSource.swift */; };
		4D951CB9279131DB009827ED /* ImageManager.swift in Sources */ = {isa = PBXBuildFile; fileRef = 4D951CB8279131DB009827ED /* ImageManager.swift */; };
		4D951CBB279137B0009827ED /* URLSessionProtocol+extension.swift in Sources */ = {isa = PBXBuildFile; fileRef = 4D951CBA279137B0009827ED /* URLSessionProtocol+extension.swift */; };
		4D951CBD27926F6E009827ED /* String+extension.swift in Sources */ = {isa = PBXBuildFile; fileRef = 4D951CBC27926F6E009827ED /* String+extension.swift */; };
		4D951CBF27926F96009827ED /* Int+extension.swift in Sources */ = {isa = PBXBuildFile; fileRef = 4D951CBE27926F96009827ED /* Int+extension.swift */; };
		4D951CC12792829F009827ED /* CALayer+extension.swift in Sources */ = {isa = PBXBuildFile; fileRef = 4D951CC02792829F009827ED /* CALayer+extension.swift */; };
		4D951CC4279318B3009827ED /* CompositionalLayoutProduct.swift in Sources */ = {isa = PBXBuildFile; fileRef = 4D951CC3279318B3009827ED /* CompositionalLayoutProduct.swift */; };
		4D951CC62793219B009827ED /* CompositionalLayoutBuilder.swift in Sources */ = {isa = PBXBuildFile; fileRef = 4D951CC52793219B009827ED /* CompositionalLayoutBuilder.swift */; };
		4D951CCA27933F6E009827ED /* CompositionalLayoutDirector.swift in Sources */ = {isa = PBXBuildFile; fileRef = 4D951CC927933F6E009827ED /* CompositionalLayoutDirector.swift */; };
		4DCD7F9C2793CE890073D907 /* ProductGridCell.xib in Resources */ = {isa = PBXBuildFile; fileRef = 4DCD7F9B2793CE890073D907 /* ProductGridCell.xib */; };
		4DD88A7927851EC600EAED1D /* RequestEnum.swift in Sources */ = {isa = PBXBuildFile; fileRef = 4DD88A7827851EC600EAED1D /* RequestEnum.swift */; };
		4DD88A7C2785325600EAED1D /* RequestProtocol.swift in Sources */ = {isa = PBXBuildFile; fileRef = 4DD88A7B2785325600EAED1D /* RequestProtocol.swift */; };
		4DD88A7E278535BD00EAED1D /* Media.swift in Sources */ = {isa = PBXBuildFile; fileRef = 4DD88A7D278535BD00EAED1D /* Media.swift */; };
		4DD88A802785384A00EAED1D /* parameter.swift in Sources */ = {isa = PBXBuildFile; fileRef = 4DD88A7F2785384A00EAED1D /* parameter.swift */; };
		4DD88A86278574E800EAED1D /* Request.swift in Sources */ = {isa = PBXBuildFile; fileRef = 4DD88A85278574E800EAED1D /* Request.swift */; };
		4DD88A892785763D00EAED1D /* NetworkError.swift in Sources */ = {isa = PBXBuildFile; fileRef = 4DD88A882785763D00EAED1D /* NetworkError.swift */; };
		4DD88A8B27857B0100EAED1D /* RequestApi.swift in Sources */ = {isa = PBXBuildFile; fileRef = 4DD88A8A27857B0100EAED1D /* RequestApi.swift */; };
		4DD88A8D278584EC00EAED1D /* ParsingError.swift in Sources */ = {isa = PBXBuildFile; fileRef = 4DD88A8C278584EC00EAED1D /* ParsingError.swift */; };
		4DD88A9027858FC900EAED1D /* Data+extension.swift in Sources */ = {isa = PBXBuildFile; fileRef = 4DD88A8F27858FC900EAED1D /* Data+extension.swift */; };
		4DD88A922785999D00EAED1D /* NetworkManager.swift in Sources */ = {isa = PBXBuildFile; fileRef = 4DD88A912785999C00EAED1D /* NetworkManager.swift */; };
		4DD88A942785F20C00EAED1D /* URLSessionProtocol.swift in Sources */ = {isa = PBXBuildFile; fileRef = 4DD88A932785F20C00EAED1D /* URLSessionProtocol.swift */; };
		4DD88A962785F42400EAED1D /* MockURLSession.swift in Sources */ = {isa = PBXBuildFile; fileRef = 4DD88A952785F42400EAED1D /* MockURLSession.swift */; };
		4DD88A982785F49900EAED1D /* MockURLSessionDataTask.swift in Sources */ = {isa = PBXBuildFile; fileRef = 4DD88A972785F49900EAED1D /* MockURLSessionDataTask.swift */; };
/* End PBXBuildFile section */

/* Begin PBXContainerItemProxy section */
		4D4C5F28278456720037496E /* PBXContainerItemProxy */ = {
			isa = PBXContainerItemProxy;
			containerPortal = 4D4C5EF3278439540037496E /* Project object */;
			proxyType = 1;
			remoteGlobalIDString = 4D4C5EFA278439540037496E;
			remoteInfo = SanchesMarket;
		};
/* End PBXContainerItemProxy section */

/* Begin PBXFileReference section */
		4D4C5EFB278439540037496E /* SanchesMarket.app */ = {isa = PBXFileReference; explicitFileType = wrapper.application; includeInIndex = 0; path = SanchesMarket.app; sourceTree = BUILT_PRODUCTS_DIR; };
		4D4C5EFE278439540037496E /* AppDelegate.swift */ = {isa = PBXFileReference; lastKnownFileType = sourcecode.swift; path = AppDelegate.swift; sourceTree = "<group>"; };
		4D4C5F00278439540037496E /* SceneDelegate.swift */ = {isa = PBXFileReference; lastKnownFileType = sourcecode.swift; path = SceneDelegate.swift; sourceTree = "<group>"; };
		4D4C5F02278439540037496E /* MainViewController.swift */ = {isa = PBXFileReference; lastKnownFileType = sourcecode.swift; path = MainViewController.swift; sourceTree = "<group>"; };
		4D4C5F05278439540037496E /* Base */ = {isa = PBXFileReference; lastKnownFileType = file.storyboard; name = Base; path = Base.lproj/Main.storyboard; sourceTree = "<group>"; };
		4D4C5F07278439550037496E /* Assets.xcassets */ = {isa = PBXFileReference; lastKnownFileType = folder.assetcatalog; path = Assets.xcassets; sourceTree = "<group>"; };
		4D4C5F0A278439550037496E /* Base */ = {isa = PBXFileReference; lastKnownFileType = file.storyboard; name = Base; path = Base.lproj/LaunchScreen.storyboard; sourceTree = "<group>"; };
		4D4C5F0C278439550037496E /* Info.plist */ = {isa = PBXFileReference; lastKnownFileType = text.plist.xml; path = Info.plist; sourceTree = "<group>"; };
		4D4C5F1927844AE10037496E /* Product.swift */ = {isa = PBXFileReference; lastKnownFileType = sourcecode.swift; path = Product.swift; sourceTree = "<group>"; };
		4D4C5F1B27844C6E0037496E /* ProductCollection.swift */ = {isa = PBXFileReference; lastKnownFileType = sourcecode.swift; path = ProductCollection.swift; sourceTree = "<group>"; };
		4D4C5F1E278452860037496E /* ParsingManager.swift */ = {isa = PBXFileReference; lastKnownFileType = sourcecode.swift; path = ParsingManager.swift; sourceTree = "<group>"; };
		4D4C5F24278456720037496E /* SanchesMarketTests.xctest */ = {isa = PBXFileReference; explicitFileType = wrapper.cfbundle; includeInIndex = 0; path = SanchesMarketTests.xctest; sourceTree = BUILT_PRODUCTS_DIR; };
		4D4C5F26278456720037496E /* SanchesMarketTests.swift */ = {isa = PBXFileReference; lastKnownFileType = sourcecode.swift; path = SanchesMarketTests.swift; sourceTree = "<group>"; };
		4D4C5F322784587F0037496E /* Item.json */ = {isa = PBXFileReference; lastKnownFileType = text.json; path = Item.json; sourceTree = "<group>"; };
		4D4C5F34278458BB0037496E /* Items.json */ = {isa = PBXFileReference; lastKnownFileType = text.json; path = Items.json; sourceTree = "<group>"; };
		4D4CADDF2797F87E0077CC9A /* CompositionalLayoutEnum.swift */ = {isa = PBXFileReference; lastKnownFileType = sourcecode.swift; path = CompositionalLayoutEnum.swift; sourceTree = "<group>"; };
		4D4CADE12797FBF60077CC9A /* LodingIndicatorProtocol.swift */ = {isa = PBXFileReference; lastKnownFileType = sourcecode.swift; path = LodingIndicatorProtocol.swift; sourceTree = "<group>"; };
		4D4CADE3279834240077CC9A /* EnrollModifyViewController.swift */ = {isa = PBXFileReference; lastKnownFileType = sourcecode.swift; path = EnrollModifyViewController.swift; sourceTree = "<group>"; };
		4D4CADEA27983F340077CC9A /* EnrollModifyPhotoSelectCell.swift */ = {isa = PBXFileReference; lastKnownFileType = sourcecode.swift; path = EnrollModifyPhotoSelectCell.swift; sourceTree = "<group>"; };
		4D951CAD27911E08009827ED /* ProductCell.swift */ = {isa = PBXFileReference; lastKnownFileType = sourcecode.swift; path = ProductCell.swift; sourceTree = "<group>"; };
		4D951CB127912385009827ED /* ProductListCell.xib */ = {isa = PBXFileReference; fileEncoding = 4; lastKnownFileType = file.xib; path = ProductListCell.xib; sourceTree = "<group>"; };
		4D951CB627912ECD009827ED /* MainCollectionViewDataSource.swift */ = {isa = PBXFileReference; lastKnownFileType = sourcecode.swift; path = MainCollectionViewDataSource.swift; sourceTree = "<group>"; };
		4D951CB8279131DB009827ED /* ImageManager.swift */ = {isa = PBXFileReference; lastKnownFileType = sourcecode.swift; path = ImageManager.swift; sourceTree = "<group>"; };
		4D951CBA279137B0009827ED /* URLSessionProtocol+extension.swift */ = {isa = PBXFileReference; lastKnownFileType = sourcecode.swift; path = "URLSessionProtocol+extension.swift"; sourceTree = "<group>"; };
		4D951CBC27926F6E009827ED /* String+extension.swift */ = {isa = PBXFileReference; lastKnownFileType = sourcecode.swift; path = "String+extension.swift"; sourceTree = "<group>"; };
		4D951CBE27926F96009827ED /* Int+extension.swift */ = {isa = PBXFileReference; lastKnownFileType = sourcecode.swift; path = "Int+extension.swift"; sourceTree = "<group>"; };
		4D951CC02792829F009827ED /* CALayer+extension.swift */ = {isa = PBXFileReference; lastKnownFileType = sourcecode.swift; path = "CALayer+extension.swift"; sourceTree = "<group>"; };
		4D951CC3279318B3009827ED /* CompositionalLayoutProduct.swift */ = {isa = PBXFileReference; lastKnownFileType = sourcecode.swift; path = CompositionalLayoutProduct.swift; sourceTree = "<group>"; };
		4D951CC52793219B009827ED /* CompositionalLayoutBuilder.swift */ = {isa = PBXFileReference; lastKnownFileType = sourcecode.swift; path = CompositionalLayoutBuilder.swift; sourceTree = "<group>"; };
		4D951CC927933F6E009827ED /* CompositionalLayoutDirector.swift */ = {isa = PBXFileReference; lastKnownFileType = sourcecode.swift; path = CompositionalLayoutDirector.swift; sourceTree = "<group>"; };
		4DCD7F9B2793CE890073D907 /* ProductGridCell.xib */ = {isa = PBXFileReference; fileEncoding = 4; lastKnownFileType = file.xib; path = ProductGridCell.xib; sourceTree = "<group>"; };
		4DD88A7827851EC600EAED1D /* RequestEnum.swift */ = {isa = PBXFileReference; lastKnownFileType = sourcecode.swift; path = RequestEnum.swift; sourceTree = "<group>"; };
		4DD88A7B2785325600EAED1D /* RequestProtocol.swift */ = {isa = PBXFileReference; lastKnownFileType = sourcecode.swift; path = RequestProtocol.swift; sourceTree = "<group>"; };
		4DD88A7D278535BD00EAED1D /* Media.swift */ = {isa = PBXFileReference; lastKnownFileType = sourcecode.swift; path = Media.swift; sourceTree = "<group>"; };
		4DD88A7F2785384A00EAED1D /* parameter.swift */ = {isa = PBXFileReference; lastKnownFileType = sourcecode.swift; path = parameter.swift; sourceTree = "<group>"; };
		4DD88A85278574E800EAED1D /* Request.swift */ = {isa = PBXFileReference; lastKnownFileType = sourcecode.swift; path = Request.swift; sourceTree = "<group>"; };
		4DD88A882785763D00EAED1D /* NetworkError.swift */ = {isa = PBXFileReference; lastKnownFileType = sourcecode.swift; path = NetworkError.swift; sourceTree = "<group>"; };
		4DD88A8A27857B0100EAED1D /* RequestApi.swift */ = {isa = PBXFileReference; lastKnownFileType = sourcecode.swift; path = RequestApi.swift; sourceTree = "<group>"; };
		4DD88A8C278584EC00EAED1D /* ParsingError.swift */ = {isa = PBXFileReference; lastKnownFileType = sourcecode.swift; path = ParsingError.swift; sourceTree = "<group>"; };
		4DD88A8F27858FC900EAED1D /* Data+extension.swift */ = {isa = PBXFileReference; lastKnownFileType = sourcecode.swift; path = "Data+extension.swift"; sourceTree = "<group>"; };
		4DD88A912785999C00EAED1D /* NetworkManager.swift */ = {isa = PBXFileReference; lastKnownFileType = sourcecode.swift; path = NetworkManager.swift; sourceTree = "<group>"; };
		4DD88A932785F20C00EAED1D /* URLSessionProtocol.swift */ = {isa = PBXFileReference; lastKnownFileType = sourcecode.swift; path = URLSessionProtocol.swift; sourceTree = "<group>"; };
		4DD88A952785F42400EAED1D /* MockURLSession.swift */ = {isa = PBXFileReference; lastKnownFileType = sourcecode.swift; path = MockURLSession.swift; sourceTree = "<group>"; };
		4DD88A972785F49900EAED1D /* MockURLSessionDataTask.swift */ = {isa = PBXFileReference; lastKnownFileType = sourcecode.swift; path = MockURLSessionDataTask.swift; sourceTree = "<group>"; };
/* End PBXFileReference section */

/* Begin PBXFrameworksBuildPhase section */
		4D4C5EF8278439540037496E /* Frameworks */ = {
			isa = PBXFrameworksBuildPhase;
			buildActionMask = 2147483647;
			files = (
			);
			runOnlyForDeploymentPostprocessing = 0;
		};
		4D4C5F21278456720037496E /* Frameworks */ = {
			isa = PBXFrameworksBuildPhase;
			buildActionMask = 2147483647;
			files = (
			);
			runOnlyForDeploymentPostprocessing = 0;
		};
/* End PBXFrameworksBuildPhase section */

/* Begin PBXGroup section */
		4D4C5EF2278439540037496E = {
			isa = PBXGroup;
			children = (
				4D4C5EFD278439540037496E /* SanchesMarket */,
				4D4C5F25278456720037496E /* SanchesMarketTests */,
				4D4C5EFC278439540037496E /* Products */,
			);
			sourceTree = "<group>";
		};
		4D4C5EFC278439540037496E /* Products */ = {
			isa = PBXGroup;
			children = (
				4D4C5EFB278439540037496E /* SanchesMarket.app */,
				4D4C5F24278456720037496E /* SanchesMarketTests.xctest */,
			);
			name = Products;
			sourceTree = "<group>";
		};
		4D4C5EFD278439540037496E /* SanchesMarket */ = {
			isa = PBXGroup;
			children = (
				4D4C5F1627844AA70037496E /* Model */,
				4D4C5F1727844AB40037496E /* View */,
				4D4C5F1827844ABA0037496E /* Controller */,
				4D4C5F1D278452690037496E /* Manager */,
				4D951CB527912E9B009827ED /* CollectionView */,
				4DD88A84278574C600EAED1D /* Network */,
				4D951CC227931896009827ED /* Layout */,
				4DD88A7727851E9300EAED1D /* Enumeration */,
				4DD88A7A2785323000EAED1D /* Protocol */,
				4DD88A8E27858F9300EAED1D /* Extension */,
				4DD88A872785761500EAED1D /* Error */,
				4D4C5EFE278439540037496E /* AppDelegate.swift */,
				4D4C5F00278439540037496E /* SceneDelegate.swift */,
				4D4C5F07278439550037496E /* Assets.xcassets */,
				4D4C5F0C278439550037496E /* Info.plist */,
			);
			path = SanchesMarket;
			sourceTree = "<group>";
		};
		4D4C5F1627844AA70037496E /* Model */ = {
			isa = PBXGroup;
			children = (
				4D4C5F1B27844C6E0037496E /* ProductCollection.swift */,
				4D4C5F1927844AE10037496E /* Product.swift */,
				4DD88A7D278535BD00EAED1D /* Media.swift */,
				4DD88A7F2785384A00EAED1D /* parameter.swift */,
			);
			path = Model;
			sourceTree = "<group>";
		};
		4D4C5F1727844AB40037496E /* View */ = {
			isa = PBXGroup;
			children = (
				4D951CAC27911DF4009827ED /* ProductCell */,
				4D4CADE927983EF70077CC9A /* EnrollModifyCell */,
				4D4C5F04278439540037496E /* Main.storyboard */,
				4D4C5F09278439550037496E /* LaunchScreen.storyboard */,
			);
			path = View;
			sourceTree = "<group>";
		};
		4D4C5F1827844ABA0037496E /* Controller */ = {
			isa = PBXGroup;
			children = (
				4D4C5F02278439540037496E /* MainViewController.swift */,
				4D4CADE3279834240077CC9A /* EnrollModifyViewController.swift */,
			);
			path = Controller;
			sourceTree = "<group>";
		};
		4D4C5F1D278452690037496E /* Manager */ = {
			isa = PBXGroup;
			children = (
				4D4C5F1E278452860037496E /* ParsingManager.swift */,
				4DD88A912785999C00EAED1D /* NetworkManager.swift */,
				4D951CB8279131DB009827ED /* ImageManager.swift */,
			);
			path = Manager;
			sourceTree = "<group>";
		};
		4D4C5F25278456720037496E /* SanchesMarketTests */ = {
			isa = PBXGroup;
			children = (
				4D4C5F2D278456A50037496E /* Mock */,
				4D4C5F26278456720037496E /* SanchesMarketTests.swift */,
			);
			path = SanchesMarketTests;
			sourceTree = "<group>";
		};
		4D4C5F2D278456A50037496E /* Mock */ = {
			isa = PBXGroup;
			children = (
				4D4C5F322784587F0037496E /* Item.json */,
				4D4C5F34278458BB0037496E /* Items.json */,
				4DD88A952785F42400EAED1D /* MockURLSession.swift */,
				4DD88A972785F49900EAED1D /* MockURLSessionDataTask.swift */,
			);
			path = Mock;
			sourceTree = "<group>";
		};
		4D4CADE527983DE70077CC9A /* Main */ = {
			isa = PBXGroup;
			children = (
				4D951CB627912ECD009827ED /* MainCollectionViewDataSource.swift */,
			);
			path = Main;
			sourceTree = "<group>";
		};
		4D4CADE927983EF70077CC9A /* EnrollModifyCell */ = {
			isa = PBXGroup;
			children = (
				4D4CADEA27983F340077CC9A /* EnrollModifyPhotoSelectCell.swift */,
			);
			path = EnrollModifyCell;
			sourceTree = "<group>";
		};
		4D951CAC27911DF4009827ED /* ProductCell */ = {
			isa = PBXGroup;
			children = (
				4D951CAD27911E08009827ED /* ProductCell.swift */,
				4D951CB127912385009827ED /* ProductListCell.xib */,
				4DCD7F9B2793CE890073D907 /* ProductGridCell.xib */,
			);
			path = ProductCell;
			sourceTree = "<group>";
		};
		4D951CB527912E9B009827ED /* CollectionView */ = {
			isa = PBXGroup;
			children = (
				4D4CADE527983DE70077CC9A /* Main */,
			);
			path = CollectionView;
			sourceTree = "<group>";
		};
		4D951CC227931896009827ED /* Layout */ = {
			isa = PBXGroup;
			children = (
				4D951CC3279318B3009827ED /* CompositionalLayoutProduct.swift */,
				4D951CC52793219B009827ED /* CompositionalLayoutBuilder.swift */,
				4D951CC927933F6E009827ED /* CompositionalLayoutDirector.swift */,
			);
			path = Layout;
			sourceTree = "<group>";
		};
		4DD88A7727851E9300EAED1D /* Enumeration */ = {
			isa = PBXGroup;
			children = (
				4DD88A7827851EC600EAED1D /* RequestEnum.swift */,
				4D4CADDF2797F87E0077CC9A /* CompositionalLayoutEnum.swift */,
			);
			path = Enumeration;
			sourceTree = "<group>";
		};
		4DD88A7A2785323000EAED1D /* Protocol */ = {
			isa = PBXGroup;
			children = (
				4DD88A7B2785325600EAED1D /* RequestProtocol.swift */,
				4DD88A932785F20C00EAED1D /* URLSessionProtocol.swift */,
				4D4CADE12797FBF60077CC9A /* LodingIndicatorProtocol.swift */,
			);
			path = Protocol;
			sourceTree = "<group>";
		};
		4DD88A84278574C600EAED1D /* Network */ = {
			isa = PBXGroup;
			children = (
				4DD88A85278574E800EAED1D /* Request.swift */,
				4DD88A8A27857B0100EAED1D /* RequestApi.swift */,
			);
			path = Network;
			sourceTree = "<group>";
		};
		4DD88A872785761500EAED1D /* Error */ = {
			isa = PBXGroup;
			children = (
				4DD88A882785763D00EAED1D /* NetworkError.swift */,
				4DD88A8C278584EC00EAED1D /* ParsingError.swift */,
			);
			path = Error;
			sourceTree = "<group>";
		};
		4DD88A8E27858F9300EAED1D /* Extension */ = {
			isa = PBXGroup;
			children = (
				4DD88A8F27858FC900EAED1D /* Data+extension.swift */,
				4D951CBA279137B0009827ED /* URLSessionProtocol+extension.swift */,
				4D951CBC27926F6E009827ED /* String+extension.swift */,
				4D951CBE27926F96009827ED /* Int+extension.swift */,
				4D951CC02792829F009827ED /* CALayer+extension.swift */,
			);
			path = Extension;
			sourceTree = "<group>";
		};
/* End PBXGroup section */

/* Begin PBXNativeTarget section */
		4D4C5EFA278439540037496E /* SanchesMarket */ = {
			isa = PBXNativeTarget;
			buildConfigurationList = 4D4C5F0F278439550037496E /* Build configuration list for PBXNativeTarget "SanchesMarket" */;
			buildPhases = (
				4D4C5EF7278439540037496E /* Sources */,
				4D4C5EF8278439540037496E /* Frameworks */,
				4D4C5EF9278439540037496E /* Resources */,
			);
			buildRules = (
			);
			dependencies = (
			);
			name = SanchesMarket;
			productName = SanchesMarket;
			productReference = 4D4C5EFB278439540037496E /* SanchesMarket.app */;
			productType = "com.apple.product-type.application";
		};
		4D4C5F23278456720037496E /* SanchesMarketTests */ = {
			isa = PBXNativeTarget;
			buildConfigurationList = 4D4C5F2A278456720037496E /* Build configuration list for PBXNativeTarget "SanchesMarketTests" */;
			buildPhases = (
				4D4C5F20278456720037496E /* Sources */,
				4D4C5F21278456720037496E /* Frameworks */,
				4D4C5F22278456720037496E /* Resources */,
			);
			buildRules = (
			);
			dependencies = (
				4D4C5F29278456720037496E /* PBXTargetDependency */,
			);
			name = SanchesMarketTests;
			productName = SanchesMarketTests;
			productReference = 4D4C5F24278456720037496E /* SanchesMarketTests.xctest */;
			productType = "com.apple.product-type.bundle.unit-test";
		};
/* End PBXNativeTarget section */

/* Begin PBXProject section */
		4D4C5EF3278439540037496E /* Project object */ = {
			isa = PBXProject;
			attributes = {
				BuildIndependentTargetsInParallel = 1;
				LastSwiftUpdateCheck = 1310;
				LastUpgradeCheck = 1310;
				TargetAttributes = {
					4D4C5EFA278439540037496E = {
						CreatedOnToolsVersion = 13.1;
					};
					4D4C5F23278456720037496E = {
						CreatedOnToolsVersion = 13.1;
						TestTargetID = 4D4C5EFA278439540037496E;
					};
				};
			};
			buildConfigurationList = 4D4C5EF6278439540037496E /* Build configuration list for PBXProject "SanchesMarket" */;
			compatibilityVersion = "Xcode 13.0";
			developmentRegion = en;
			hasScannedForEncodings = 0;
			knownRegions = (
				en,
				Base,
			);
			mainGroup = 4D4C5EF2278439540037496E;
			productRefGroup = 4D4C5EFC278439540037496E /* Products */;
			projectDirPath = "";
			projectRoot = "";
			targets = (
				4D4C5EFA278439540037496E /* SanchesMarket */,
				4D4C5F23278456720037496E /* SanchesMarketTests */,
			);
		};
/* End PBXProject section */

/* Begin PBXResourcesBuildPhase section */
		4D4C5EF9278439540037496E /* Resources */ = {
			isa = PBXResourcesBuildPhase;
			buildActionMask = 2147483647;
			files = (
				4D4C5F0B278439550037496E /* LaunchScreen.storyboard in Resources */,
				4D951CB227912385009827ED /* ProductListCell.xib in Resources */,
				4D4C5F7B2784853C0037496E /* Assets.xcassets in Resources */,
				4DCD7F9C2793CE890073D907 /* ProductGridCell.xib in Resources */,
				4D4C5F06278439540037496E /* Main.storyboard in Resources */,
			);
			runOnlyForDeploymentPostprocessing = 0;
		};
		4D4C5F22278456720037496E /* Resources */ = {
			isa = PBXResourcesBuildPhase;
			buildActionMask = 2147483647;
			files = (
				4D4C5F35278458BB0037496E /* Items.json in Resources */,
				4D4C5F332784587F0037496E /* Item.json in Resources */,
			);
			runOnlyForDeploymentPostprocessing = 0;
		};
/* End PBXResourcesBuildPhase section */

/* Begin PBXSourcesBuildPhase section */
		4D4C5EF7278439540037496E /* Sources */ = {
			isa = PBXSourcesBuildPhase;
			buildActionMask = 2147483647;
			files = (
				4DD88A942785F20C00EAED1D /* URLSessionProtocol.swift in Sources */,
				4D951CB727912ECD009827ED /* MainCollectionViewDataSource.swift in Sources */,
				4D4C5F1F278452860037496E /* ParsingManager.swift in Sources */,
				4DD88A7C2785325600EAED1D /* RequestProtocol.swift in Sources */,
				4D4C5F1C27844C6E0037496E /* ProductCollection.swift in Sources */,
				4D951CC4279318B3009827ED /* CompositionalLayoutProduct.swift in Sources */,
				4DD88A8D278584EC00EAED1D /* ParsingError.swift in Sources */,
				4DD88A922785999D00EAED1D /* NetworkManager.swift in Sources */,
				4D4C5F03278439540037496E /* MainViewController.swift in Sources */,
				4DD88A9027858FC900EAED1D /* Data+extension.swift in Sources */,
				4DD88A86278574E800EAED1D /* Request.swift in Sources */,
				4D951CCA27933F6E009827ED /* CompositionalLayoutDirector.swift in Sources */,
				4D4C5EFF278439540037496E /* AppDelegate.swift in Sources */,
				4D4CADEB27983F340077CC9A /* EnrollModifyPhotoSelectCell.swift in Sources */,
				4D951CC62793219B009827ED /* CompositionalLayoutBuilder.swift in Sources */,
				4D951CC12792829F009827ED /* CALayer+extension.swift in Sources */,
				4D951CB9279131DB009827ED /* ImageManager.swift in Sources */,
				4D4CADE02797F87E0077CC9A /* CompositionalLayoutEnum.swift in Sources */,
				4DD88A802785384A00EAED1D /* parameter.swift in Sources */,
				4D4CADE22797FBF60077CC9A /* LodingIndicatorProtocol.swift in Sources */,
				4DD88A8B27857B0100EAED1D /* RequestApi.swift in Sources */,
				4DD88A7E278535BD00EAED1D /* Media.swift in Sources */,
				4D951CBB279137B0009827ED /* URLSessionProtocol+extension.swift in Sources */,
				4D4CADE4279834240077CC9A /* EnrollModifyViewController.swift in Sources */,
				4D951CBF27926F96009827ED /* Int+extension.swift in Sources */,
				4D951CBD27926F6E009827ED /* String+extension.swift in Sources */,
				4D4C5F1A27844AE10037496E /* Product.swift in Sources */,
				4DD88A892785763D00EAED1D /* NetworkError.swift in Sources */,
				4D951CAF27911E08009827ED /* ProductCell.swift in Sources */,
				4D4C5F01278439540037496E /* SceneDelegate.swift in Sources */,
				4DD88A7927851EC600EAED1D /* RequestEnum.swift in Sources */,
			);
			runOnlyForDeploymentPostprocessing = 0;
		};
		4D4C5F20278456720037496E /* Sources */ = {
			isa = PBXSourcesBuildPhase;
			buildActionMask = 2147483647;
			files = (
				4DD88A982785F49900EAED1D /* MockURLSessionDataTask.swift in Sources */,
				4DD88A962785F42400EAED1D /* MockURLSession.swift in Sources */,
				4D4C5F27278456720037496E /* SanchesMarketTests.swift in Sources */,
			);
			runOnlyForDeploymentPostprocessing = 0;
		};
/* End PBXSourcesBuildPhase section */

/* Begin PBXTargetDependency section */
		4D4C5F29278456720037496E /* PBXTargetDependency */ = {
			isa = PBXTargetDependency;
			target = 4D4C5EFA278439540037496E /* SanchesMarket */;
			targetProxy = 4D4C5F28278456720037496E /* PBXContainerItemProxy */;
		};
/* End PBXTargetDependency section */

/* Begin PBXVariantGroup section */
		4D4C5F04278439540037496E /* Main.storyboard */ = {
			isa = PBXVariantGroup;
			children = (
				4D4C5F05278439540037496E /* Base */,
			);
			name = Main.storyboard;
			sourceTree = "<group>";
		};
		4D4C5F09278439550037496E /* LaunchScreen.storyboard */ = {
			isa = PBXVariantGroup;
			children = (
				4D4C5F0A278439550037496E /* Base */,
			);
			name = LaunchScreen.storyboard;
			sourceTree = "<group>";
		};
/* End PBXVariantGroup section */

/* Begin XCBuildConfiguration section */
		4D4C5F0D278439550037496E /* Debug */ = {
			isa = XCBuildConfiguration;
			buildSettings = {
				ALWAYS_SEARCH_USER_PATHS = NO;
				CLANG_ANALYZER_NONNULL = YES;
				CLANG_ANALYZER_NUMBER_OBJECT_CONVERSION = YES_AGGRESSIVE;
				CLANG_CXX_LANGUAGE_STANDARD = "gnu++17";
				CLANG_CXX_LIBRARY = "libc++";
				CLANG_ENABLE_MODULES = YES;
				CLANG_ENABLE_OBJC_ARC = YES;
				CLANG_ENABLE_OBJC_WEAK = YES;
				CLANG_WARN_BLOCK_CAPTURE_AUTORELEASING = YES;
				CLANG_WARN_BOOL_CONVERSION = YES;
				CLANG_WARN_COMMA = YES;
				CLANG_WARN_CONSTANT_CONVERSION = YES;
				CLANG_WARN_DEPRECATED_OBJC_IMPLEMENTATIONS = YES;
				CLANG_WARN_DIRECT_OBJC_ISA_USAGE = YES_ERROR;
				CLANG_WARN_DOCUMENTATION_COMMENTS = YES;
				CLANG_WARN_EMPTY_BODY = YES;
				CLANG_WARN_ENUM_CONVERSION = YES;
				CLANG_WARN_INFINITE_RECURSION = YES;
				CLANG_WARN_INT_CONVERSION = YES;
				CLANG_WARN_NON_LITERAL_NULL_CONVERSION = YES;
				CLANG_WARN_OBJC_IMPLICIT_RETAIN_SELF = YES;
				CLANG_WARN_OBJC_LITERAL_CONVERSION = YES;
				CLANG_WARN_OBJC_ROOT_CLASS = YES_ERROR;
				CLANG_WARN_QUOTED_INCLUDE_IN_FRAMEWORK_HEADER = YES;
				CLANG_WARN_RANGE_LOOP_ANALYSIS = YES;
				CLANG_WARN_STRICT_PROTOTYPES = YES;
				CLANG_WARN_SUSPICIOUS_MOVE = YES;
				CLANG_WARN_UNGUARDED_AVAILABILITY = YES_AGGRESSIVE;
				CLANG_WARN_UNREACHABLE_CODE = YES;
				CLANG_WARN__DUPLICATE_METHOD_MATCH = YES;
				COPY_PHASE_STRIP = NO;
				DEBUG_INFORMATION_FORMAT = dwarf;
				ENABLE_STRICT_OBJC_MSGSEND = YES;
				ENABLE_TESTABILITY = YES;
				GCC_C_LANGUAGE_STANDARD = gnu11;
				GCC_DYNAMIC_NO_PIC = NO;
				GCC_NO_COMMON_BLOCKS = YES;
				GCC_OPTIMIZATION_LEVEL = 0;
				GCC_PREPROCESSOR_DEFINITIONS = (
					"DEBUG=1",
					"$(inherited)",
				);
				GCC_WARN_64_TO_32_BIT_CONVERSION = YES;
				GCC_WARN_ABOUT_RETURN_TYPE = YES_ERROR;
				GCC_WARN_UNDECLARED_SELECTOR = YES;
				GCC_WARN_UNINITIALIZED_AUTOS = YES_AGGRESSIVE;
				GCC_WARN_UNUSED_FUNCTION = YES;
				GCC_WARN_UNUSED_VARIABLE = YES;
				IPHONEOS_DEPLOYMENT_TARGET = 13.0;
				MTL_ENABLE_DEBUG_INFO = INCLUDE_SOURCE;
				MTL_FAST_MATH = YES;
				ONLY_ACTIVE_ARCH = YES;
				SDKROOT = iphoneos;
				SWIFT_ACTIVE_COMPILATION_CONDITIONS = DEBUG;
				SWIFT_OPTIMIZATION_LEVEL = "-Onone";
			};
			name = Debug;
		};
		4D4C5F0E278439550037496E /* Release */ = {
			isa = XCBuildConfiguration;
			buildSettings = {
				ALWAYS_SEARCH_USER_PATHS = NO;
				CLANG_ANALYZER_NONNULL = YES;
				CLANG_ANALYZER_NUMBER_OBJECT_CONVERSION = YES_AGGRESSIVE;
				CLANG_CXX_LANGUAGE_STANDARD = "gnu++17";
				CLANG_CXX_LIBRARY = "libc++";
				CLANG_ENABLE_MODULES = YES;
				CLANG_ENABLE_OBJC_ARC = YES;
				CLANG_ENABLE_OBJC_WEAK = YES;
				CLANG_WARN_BLOCK_CAPTURE_AUTORELEASING = YES;
				CLANG_WARN_BOOL_CONVERSION = YES;
				CLANG_WARN_COMMA = YES;
				CLANG_WARN_CONSTANT_CONVERSION = YES;
				CLANG_WARN_DEPRECATED_OBJC_IMPLEMENTATIONS = YES;
				CLANG_WARN_DIRECT_OBJC_ISA_USAGE = YES_ERROR;
				CLANG_WARN_DOCUMENTATION_COMMENTS = YES;
				CLANG_WARN_EMPTY_BODY = YES;
				CLANG_WARN_ENUM_CONVERSION = YES;
				CLANG_WARN_INFINITE_RECURSION = YES;
				CLANG_WARN_INT_CONVERSION = YES;
				CLANG_WARN_NON_LITERAL_NULL_CONVERSION = YES;
				CLANG_WARN_OBJC_IMPLICIT_RETAIN_SELF = YES;
				CLANG_WARN_OBJC_LITERAL_CONVERSION = YES;
				CLANG_WARN_OBJC_ROOT_CLASS = YES_ERROR;
				CLANG_WARN_QUOTED_INCLUDE_IN_FRAMEWORK_HEADER = YES;
				CLANG_WARN_RANGE_LOOP_ANALYSIS = YES;
				CLANG_WARN_STRICT_PROTOTYPES = YES;
				CLANG_WARN_SUSPICIOUS_MOVE = YES;
				CLANG_WARN_UNGUARDED_AVAILABILITY = YES_AGGRESSIVE;
				CLANG_WARN_UNREACHABLE_CODE = YES;
				CLANG_WARN__DUPLICATE_METHOD_MATCH = YES;
				COPY_PHASE_STRIP = NO;
				DEBUG_INFORMATION_FORMAT = "dwarf-with-dsym";
				ENABLE_NS_ASSERTIONS = NO;
				ENABLE_STRICT_OBJC_MSGSEND = YES;
				GCC_C_LANGUAGE_STANDARD = gnu11;
				GCC_NO_COMMON_BLOCKS = YES;
				GCC_WARN_64_TO_32_BIT_CONVERSION = YES;
				GCC_WARN_ABOUT_RETURN_TYPE = YES_ERROR;
				GCC_WARN_UNDECLARED_SELECTOR = YES;
				GCC_WARN_UNINITIALIZED_AUTOS = YES_AGGRESSIVE;
				GCC_WARN_UNUSED_FUNCTION = YES;
				GCC_WARN_UNUSED_VARIABLE = YES;
				IPHONEOS_DEPLOYMENT_TARGET = 13.0;
				MTL_ENABLE_DEBUG_INFO = NO;
				MTL_FAST_MATH = YES;
				SDKROOT = iphoneos;
				SWIFT_COMPILATION_MODE = wholemodule;
				SWIFT_OPTIMIZATION_LEVEL = "-O";
				VALIDATE_PRODUCT = YES;
			};
			name = Release;
		};
		4D4C5F10278439550037496E /* Debug */ = {
			isa = XCBuildConfiguration;
			buildSettings = {
				ASSETCATALOG_COMPILER_APPICON_NAME = AppIcon;
				ASSETCATALOG_COMPILER_GLOBAL_ACCENT_COLOR_NAME = AccentColor;
				CODE_SIGN_STYLE = Automatic;
				CURRENT_PROJECT_VERSION = 1;
				DEVELOPMENT_TEAM = 626VJ36K6Q;
				GENERATE_INFOPLIST_FILE = YES;
				INFOPLIST_FILE = SanchesMarket/Info.plist;
				INFOPLIST_KEY_UIApplicationSupportsIndirectInputEvents = YES;
				INFOPLIST_KEY_UILaunchStoryboardName = LaunchScreen;
				INFOPLIST_KEY_UIMainStoryboardFile = Main;
				INFOPLIST_KEY_UISupportedInterfaceOrientations_iPad = "UIInterfaceOrientationPortrait UIInterfaceOrientationPortraitUpsideDown UIInterfaceOrientationLandscapeLeft UIInterfaceOrientationLandscapeRight";
				INFOPLIST_KEY_UISupportedInterfaceOrientations_iPhone = "UIInterfaceOrientationPortrait UIInterfaceOrientationLandscapeLeft UIInterfaceOrientationLandscapeRight";
				IPHONEOS_DEPLOYMENT_TARGET = 13.0;
				LD_RUNPATH_SEARCH_PATHS = (
					"$(inherited)",
					"@executable_path/Frameworks",
				);
				MARKETING_VERSION = 1.0;
				PRODUCT_BUNDLE_IDENTIFIER = "com.example.apple-samplecode.SanchesMarket";
				PRODUCT_NAME = "$(TARGET_NAME)";
				SWIFT_EMIT_LOC_STRINGS = YES;
				SWIFT_VERSION = 5.0;
				TARGETED_DEVICE_FAMILY = "1,2";
			};
			name = Debug;
		};
		4D4C5F11278439550037496E /* Release */ = {
			isa = XCBuildConfiguration;
			buildSettings = {
				ASSETCATALOG_COMPILER_APPICON_NAME = AppIcon;
				ASSETCATALOG_COMPILER_GLOBAL_ACCENT_COLOR_NAME = AccentColor;
				CODE_SIGN_STYLE = Automatic;
				CURRENT_PROJECT_VERSION = 1;
				DEVELOPMENT_TEAM = 626VJ36K6Q;
				GENERATE_INFOPLIST_FILE = YES;
				INFOPLIST_FILE = SanchesMarket/Info.plist;
				INFOPLIST_KEY_UIApplicationSupportsIndirectInputEvents = YES;
				INFOPLIST_KEY_UILaunchStoryboardName = LaunchScreen;
				INFOPLIST_KEY_UIMainStoryboardFile = Main;
				INFOPLIST_KEY_UISupportedInterfaceOrientations_iPad = "UIInterfaceOrientationPortrait UIInterfaceOrientationPortraitUpsideDown UIInterfaceOrientationLandscapeLeft UIInterfaceOrientationLandscapeRight";
				INFOPLIST_KEY_UISupportedInterfaceOrientations_iPhone = "UIInterfaceOrientationPortrait UIInterfaceOrientationLandscapeLeft UIInterfaceOrientationLandscapeRight";
				IPHONEOS_DEPLOYMENT_TARGET = 13.0;
				LD_RUNPATH_SEARCH_PATHS = (
					"$(inherited)",
					"@executable_path/Frameworks",
				);
				MARKETING_VERSION = 1.0;
				PRODUCT_BUNDLE_IDENTIFIER = "com.example.apple-samplecode.SanchesMarket";
				PRODUCT_NAME = "$(TARGET_NAME)";
				SWIFT_EMIT_LOC_STRINGS = YES;
				SWIFT_VERSION = 5.0;
				TARGETED_DEVICE_FAMILY = "1,2";
			};
			name = Release;
		};
		4D4C5F2B278456720037496E /* Debug */ = {
			isa = XCBuildConfiguration;
			buildSettings = {
				BUNDLE_LOADER = "$(TEST_HOST)";
				CODE_SIGN_STYLE = Automatic;
				CURRENT_PROJECT_VERSION = 1;
				DEVELOPMENT_TEAM = 626VJ36K6Q;
				GENERATE_INFOPLIST_FILE = YES;
				LD_RUNPATH_SEARCH_PATHS = (
					"$(inherited)",
					"@executable_path/Frameworks",
					"@loader_path/Frameworks",
				);
				MARKETING_VERSION = 1.0;
				PRODUCT_BUNDLE_IDENTIFIER = "com.example.apple-samplecode.SanchesMarketTests";
				PRODUCT_NAME = "$(TARGET_NAME)";
				SWIFT_EMIT_LOC_STRINGS = NO;
				SWIFT_VERSION = 5.0;
				TARGETED_DEVICE_FAMILY = "1,2";
				TEST_HOST = "$(BUILT_PRODUCTS_DIR)/SanchesMarket.app/SanchesMarket";
			};
			name = Debug;
		};
		4D4C5F2C278456720037496E /* Release */ = {
			isa = XCBuildConfiguration;
			buildSettings = {
				BUNDLE_LOADER = "$(TEST_HOST)";
				CODE_SIGN_STYLE = Automatic;
				CURRENT_PROJECT_VERSION = 1;
				DEVELOPMENT_TEAM = 626VJ36K6Q;
				GENERATE_INFOPLIST_FILE = YES;
				LD_RUNPATH_SEARCH_PATHS = (
					"$(inherited)",
					"@executable_path/Frameworks",
					"@loader_path/Frameworks",
				);
				MARKETING_VERSION = 1.0;
				PRODUCT_BUNDLE_IDENTIFIER = "com.example.apple-samplecode.SanchesMarketTests";
				PRODUCT_NAME = "$(TARGET_NAME)";
				SWIFT_EMIT_LOC_STRINGS = NO;
				SWIFT_VERSION = 5.0;
				TARGETED_DEVICE_FAMILY = "1,2";
				TEST_HOST = "$(BUILT_PRODUCTS_DIR)/SanchesMarket.app/SanchesMarket";
			};
			name = Release;
		};
/* End XCBuildConfiguration section */

/* Begin XCConfigurationList section */
		4D4C5EF6278439540037496E /* Build configuration list for PBXProject "SanchesMarket" */ = {
			isa = XCConfigurationList;
			buildConfigurations = (
				4D4C5F0D278439550037496E /* Debug */,
				4D4C5F0E278439550037496E /* Release */,
			);
			defaultConfigurationIsVisible = 0;
			defaultConfigurationName = Release;
		};
		4D4C5F0F278439550037496E /* Build configuration list for PBXNativeTarget "SanchesMarket" */ = {
			isa = XCConfigurationList;
			buildConfigurations = (
				4D4C5F10278439550037496E /* Debug */,
				4D4C5F11278439550037496E /* Release */,
			);
			defaultConfigurationIsVisible = 0;
			defaultConfigurationName = Release;
		};
		4D4C5F2A278456720037496E /* Build configuration list for PBXNativeTarget "SanchesMarketTests" */ = {
			isa = XCConfigurationList;
			buildConfigurations = (
				4D4C5F2B278456720037496E /* Debug */,
				4D4C5F2C278456720037496E /* Release */,
			);
			defaultConfigurationIsVisible = 0;
			defaultConfigurationName = Release;
		};
/* End XCConfigurationList section */
	};
	rootObject = 4D4C5EF3278439540037496E /* Project object */;
}
